
Microsoft Visual Studio Solution File, Format Version 12.00
# Visual Studio Version 16
VisualStudioVersion = 16.0.31410.357
MinimumVisualStudioVersion = 10.0.40219.1
Project("{9A19103F-16F7-4668-BE54-9A1E7A4F7556}") = "CatsAPI", "CatsAPI\CatsAPI.csproj", "{9B353B17-98A7-46B4-AA00-E5066BAA85F5}"
EndProject
Project("{9A19103F-16F7-4668-BE54-9A1E7A4F7556}") = "DataLayer", "DataLayer\DataLayer.csproj", "{4B09A306-A529-48F7-A4AC-B8903FCA1B54}"
EndProject
Project("{FAE04EC0-301F-11D3-BF4B-00C04F79EFBC}") = "DataBaseMigration", "DataBaseMigration\DataBaseMigration.csproj", "{64F8AF74-39BC-4FD8-B962-458460BCB5AE}"
EndProject
Global
	GlobalSection(SolutionConfigurationPlatforms) = preSolution
		Debug|Any CPU = Debug|Any CPU
		Release|Any CPU = Release|Any CPU
	EndGlobalSection
	GlobalSection(ProjectConfigurationPlatforms) = postSolution
		{9B353B17-98A7-46B4-AA00-E5066BAA85F5}.Debug|Any CPU.ActiveCfg = Debug|Any CPU
		{9B353B17-98A7-46B4-AA00-E5066BAA85F5}.Debug|Any CPU.Build.0 = Debug|Any CPU
		{9B353B17-98A7-46B4-AA00-E5066BAA85F5}.Release|Any CPU.ActiveCfg = Release|Any CPU
		{9B353B17-98A7-46B4-AA00-E5066BAA85F5}.Release|Any CPU.Build.0 = Release|Any CPU
		{4B09A306-A529-48F7-A4AC-B8903FCA1B54}.Debug|Any CPU.ActiveCfg = Debug|Any CPU
		{4B09A306-A529-48F7-A4AC-B8903FCA1B54}.Debug|Any CPU.Build.0 = Debug|Any CPU
		{4B09A306-A529-48F7-A4AC-B8903FCA1B54}.Release|Any CPU.ActiveCfg = Release|Any CPU
		{4B09A306-A529-48F7-A4AC-B8903FCA1B54}.Release|Any CPU.Build.0 = Release|Any CPU
		{64F8AF74-39BC-4FD8-B962-458460BCB5AE}.Debug|Any CPU.ActiveCfg = Debug|Any CPU
		{64F8AF74-39BC-4FD8-B962-458460BCB5AE}.Debug|Any CPU.Build.0 = Debug|Any CPU
		{64F8AF74-39BC-4FD8-B962-458460BCB5AE}.Release|Any CPU.ActiveCfg = Release|Any CPU
		{64F8AF74-39BC-4FD8-B962-458460BCB5AE}.Release|Any CPU.Build.0 = Release|Any CPU
	EndGlobalSection
	GlobalSection(SolutionProperties) = preSolution
		HideSolutionNode = FALSE
	EndGlobalSection
	GlobalSection(ExtensibilityGlobals) = postSolution
		SolutionGuid = {E271951F-8E5A-476D-96C8-D155BCA641E8}
	EndGlobalSection
EndGlobal
